// !$*UTF8*$!
{
	archiveVersion = 1;
	classes = {
	};
	objectVersion = 50;
	objects = {

/* Begin PBXBuildFile section */
		7721C8F121B84013006EA987 /* NextButton.swift in Sources */ = {isa = PBXBuildFile; fileRef = 7721C8F021B84013006EA987 /* NextButton.swift */; };
		773D9B6E21BEAFD50056C423 /* GradientImage.swift in Sources */ = {isa = PBXBuildFile; fileRef = 773D9B6D21BEAFD50056C423 /* GradientImage.swift */; };
		774EE78C21B839160047B28F /* AppDelegate.swift in Sources */ = {isa = PBXBuildFile; fileRef = 774EE78B21B839160047B28F /* AppDelegate.swift */; };
		774EE78E21B839160047B28F /* ViewController.swift in Sources */ = {isa = PBXBuildFile; fileRef = 774EE78D21B839160047B28F /* ViewController.swift */; };
		774EE79121B839160047B28F /* Main.storyboard in Resources */ = {isa = PBXBuildFile; fileRef = 774EE78F21B839160047B28F /* Main.storyboard */; };
		774EE79321B839180047B28F /* Assets.xcassets in Resources */ = {isa = PBXBuildFile; fileRef = 774EE79221B839180047B28F /* Assets.xcassets */; };
		774EE79621B839180047B28F /* LaunchScreen.storyboard in Resources */ = {isa = PBXBuildFile; fileRef = 774EE79421B839180047B28F /* LaunchScreen.storyboard */; };
		7772CD1721B852B000B4A1D4 /* GradientButton.swift in Sources */ = {isa = PBXBuildFile; fileRef = 7772CD1621B852B000B4A1D4 /* GradientButton.swift */; };
		7772CD1921B85B9900B4A1D4 /* ProfilePicture.swift in Sources */ = {isa = PBXBuildFile; fileRef = 7772CD1821B85B9900B4A1D4 /* ProfilePicture.swift */; };
		7772CD1F21B882F200B4A1D4 /* ProfileViewController.swift in Sources */ = {isa = PBXBuildFile; fileRef = 7772CD1E21B882F200B4A1D4 /* ProfileViewController.swift */; };
		7772CD2121B883BF00B4A1D4 /* ProfileButton.swift in Sources */ = {isa = PBXBuildFile; fileRef = 7772CD2021B883BF00B4A1D4 /* ProfileButton.swift */; };
		77C3E79721B939C500DB1CB5 /* CollectionViewMovieCell.swift in Sources */ = {isa = PBXBuildFile; fileRef = 77C3E79621B939C500DB1CB5 /* CollectionViewMovieCell.swift */; };
		77D66AD121B9B57500B0F3FD /* CollectionViewPlaylistCell.swift in Sources */ = {isa = PBXBuildFile; fileRef = 77D66AD021B9B57500B0F3FD /* CollectionViewPlaylistCell.swift */; };
		77D66AD321B9B5CC00B0F3FD /* MoviesViewController.swift in Sources */ = {isa = PBXBuildFile; fileRef = 77D66AD221B9B5CC00B0F3FD /* MoviesViewController.swift */; };
		77D66AD521B9B67E00B0F3FD /* MovieImageView.swift in Sources */ = {isa = PBXBuildFile; fileRef = 77D66AD421B9B67E00B0F3FD /* MovieImageView.swift */; };
		77D66AD921B9C89500B0F3FD /* CollectionViewNowCell.swift in Sources */ = {isa = PBXBuildFile; fileRef = 77D66AD821B9C89500B0F3FD /* CollectionViewNowCell.swift */; };
		77D66ADB21B9D7F600B0F3FD /* CollectionViewPopularCell.swift in Sources */ = {isa = PBXBuildFile; fileRef = 77D66ADA21B9D7F600B0F3FD /* CollectionViewPopularCell.swift */; };
/* End PBXBuildFile section */

/* Begin PBXFileReference section */
		7721C8F021B84013006EA987 /* NextButton.swift */ = {isa = PBXFileReference; lastKnownFileType = sourcecode.swift; path = NextButton.swift; sourceTree = "<group>"; };
		773D9B6D21BEAFD50056C423 /* GradientImage.swift */ = {isa = PBXFileReference; fileEncoding = 4; lastKnownFileType = sourcecode.swift; path = GradientImage.swift; sourceTree = "<group>"; };
		774EE78821B839160047B28F /* MovieApp.app */ = {isa = PBXFileReference; explicitFileType = wrapper.application; includeInIndex = 0; path = MovieApp.app; sourceTree = BUILT_PRODUCTS_DIR; };
		774EE78B21B839160047B28F /* AppDelegate.swift */ = {isa = PBXFileReference; lastKnownFileType = sourcecode.swift; path = AppDelegate.swift; sourceTree = "<group>"; };
		774EE78D21B839160047B28F /* ViewController.swift */ = {isa = PBXFileReference; lastKnownFileType = sourcecode.swift; path = ViewController.swift; sourceTree = "<group>"; };
		774EE79021B839160047B28F /* Base */ = {isa = PBXFileReference; lastKnownFileType = file.storyboard; name = Base; path = Base.lproj/Main.storyboard; sourceTree = "<group>"; };
		774EE79221B839180047B28F /* Assets.xcassets */ = {isa = PBXFileReference; lastKnownFileType = folder.assetcatalog; path = Assets.xcassets; sourceTree = "<group>"; };
		774EE79521B839180047B28F /* Base */ = {isa = PBXFileReference; lastKnownFileType = file.storyboard; name = Base; path = Base.lproj/LaunchScreen.storyboard; sourceTree = "<group>"; };
		774EE79721B839180047B28F /* Info.plist */ = {isa = PBXFileReference; lastKnownFileType = text.plist.xml; path = Info.plist; sourceTree = "<group>"; };
		7772CD1621B852B000B4A1D4 /* GradientButton.swift */ = {isa = PBXFileReference; lastKnownFileType = sourcecode.swift; path = GradientButton.swift; sourceTree = "<group>"; };
		7772CD1821B85B9900B4A1D4 /* ProfilePicture.swift */ = {isa = PBXFileReference; lastKnownFileType = sourcecode.swift; path = ProfilePicture.swift; sourceTree = "<group>"; };
		7772CD1E21B882F200B4A1D4 /* ProfileViewController.swift */ = {isa = PBXFileReference; lastKnownFileType = sourcecode.swift; path = ProfileViewController.swift; sourceTree = "<group>"; };
		7772CD2021B883BF00B4A1D4 /* ProfileButton.swift */ = {isa = PBXFileReference; lastKnownFileType = sourcecode.swift; path = ProfileButton.swift; sourceTree = "<group>"; };
		77C3E79621B939C500DB1CB5 /* CollectionViewMovieCell.swift */ = {isa = PBXFileReference; lastKnownFileType = sourcecode.swift; path = CollectionViewMovieCell.swift; sourceTree = "<group>"; };
		77D66AD021B9B57500B0F3FD /* CollectionViewPlaylistCell.swift */ = {isa = PBXFileReference; lastKnownFileType = sourcecode.swift; path = CollectionViewPlaylistCell.swift; sourceTree = "<group>"; };
		77D66AD221B9B5CC00B0F3FD /* MoviesViewController.swift */ = {isa = PBXFileReference; lastKnownFileType = sourcecode.swift; path = MoviesViewController.swift; sourceTree = "<group>"; };
		77D66AD421B9B67E00B0F3FD /* MovieImageView.swift */ = {isa = PBXFileReference; lastKnownFileType = sourcecode.swift; path = MovieImageView.swift; sourceTree = "<group>"; };
		77D66AD821B9C89500B0F3FD /* CollectionViewNowCell.swift */ = {isa = PBXFileReference; lastKnownFileType = sourcecode.swift; path = CollectionViewNowCell.swift; sourceTree = "<group>"; };
		77D66ADA21B9D7F600B0F3FD /* CollectionViewPopularCell.swift */ = {isa = PBXFileReference; lastKnownFileType = sourcecode.swift; path = CollectionViewPopularCell.swift; sourceTree = "<group>"; };
/* End PBXFileReference section */

/* Begin PBXFrameworksBuildPhase section */
		774EE78521B839160047B28F /* Frameworks */ = {
			isa = PBXFrameworksBuildPhase;
			buildActionMask = 2147483647;
			files = (
			);
			runOnlyForDeploymentPostprocessing = 0;
		};
/* End PBXFrameworksBuildPhase section */

/* Begin PBXGroup section */
		774EE77F21B839160047B28F = {
			isa = PBXGroup;
			children = (
				774EE78A21B839160047B28F /* MovieApp */,
				774EE78921B839160047B28F /* Products */,
			);
			sourceTree = "<group>";
		};
		774EE78921B839160047B28F /* Products */ = {
			isa = PBXGroup;
			children = (
				774EE78821B839160047B28F /* MovieApp.app */,
			);
			name = Products;
			sourceTree = "<group>";
		};
		774EE78A21B839160047B28F /* MovieApp */ = {
			isa = PBXGroup;
			children = (
				7772CD1D21B879BB00B4A1D4 /* WalkThrough */,
				7772CD1C21B8799A00B4A1D4 /* Profile */,
				77D66ACF21B9B54F00B0F3FD /* Movies */,
				774EE78D21B839160047B28F /* ViewController.swift */,
				774EE78B21B839160047B28F /* AppDelegate.swift */,
				774EE78F21B839160047B28F /* Main.storyboard */,
				774EE79221B839180047B28F /* Assets.xcassets */,
				774EE79421B839180047B28F /* LaunchScreen.storyboard */,
				774EE79721B839180047B28F /* Info.plist */,
			);
			path = MovieApp;
			sourceTree = "<group>";
		};
		7772CD1C21B8799A00B4A1D4 /* Profile */ = {
			isa = PBXGroup;
			children = (
				7772CD1E21B882F200B4A1D4 /* ProfileViewController.swift */,
				7772CD1821B85B9900B4A1D4 /* ProfilePicture.swift */,
				7772CD2021B883BF00B4A1D4 /* ProfileButton.swift */,
				77D66AD421B9B67E00B0F3FD /* MovieImageView.swift */,
				77C3E79621B939C500DB1CB5 /* CollectionViewMovieCell.swift */,
			);
			path = Profile;
			sourceTree = "<group>";
		};
		7772CD1D21B879BB00B4A1D4 /* WalkThrough */ = {
			isa = PBXGroup;
			children = (
				7772CD1621B852B000B4A1D4 /* GradientButton.swift */,
				7721C8F021B84013006EA987 /* NextButton.swift */,
			);
			path = WalkThrough;
			sourceTree = "<group>";
		};
		77D66ACF21B9B54F00B0F3FD /* Movies */ = {
			isa = PBXGroup;
			children = (
				77D66AD221B9B5CC00B0F3FD /* MoviesViewController.swift */,
				77D66AD021B9B57500B0F3FD /* CollectionViewPlaylistCell.swift */,
				77D66AD821B9C89500B0F3FD /* CollectionViewNowCell.swift */,
				77D66ADA21B9D7F600B0F3FD /* CollectionViewPopularCell.swift */,
				773D9B6D21BEAFD50056C423 /* GradientImage.swift */,
			);
			path = Movies;
			sourceTree = "<group>";
		};
/* End PBXGroup section */

/* Begin PBXNativeTarget section */
		774EE78721B839160047B28F /* MovieApp */ = {
			isa = PBXNativeTarget;
			buildConfigurationList = 774EE79A21B839180047B28F /* Build configuration list for PBXNativeTarget "MovieApp" */;
			buildPhases = (
				774EE78421B839160047B28F /* Sources */,
				774EE78521B839160047B28F /* Frameworks */,
				774EE78621B839160047B28F /* Resources */,
			);
			buildRules = (
			);
			dependencies = (
			);
			name = MovieApp;
			productName = MovieApp;
			productReference = 774EE78821B839160047B28F /* MovieApp.app */;
			productType = "com.apple.product-type.application";
		};
/* End PBXNativeTarget section */

/* Begin PBXProject section */
		774EE78021B839160047B28F /* Project object */ = {
			isa = PBXProject;
			attributes = {
				KnownAssetTags = (
					ytgy,
				);
				LastSwiftUpdateCheck = 1010;
				LastUpgradeCheck = 1010;
				ORGANIZATIONNAME = axel;
				TargetAttributes = {
					774EE78721B839160047B28F = {
						CreatedOnToolsVersion = 10.1;
					};
				};
			};
			buildConfigurationList = 774EE78321B839160047B28F /* Build configuration list for PBXProject "MovieApp" */;
			compatibilityVersion = "Xcode 9.3";
			developmentRegion = en;
			hasScannedForEncodings = 0;
			knownRegions = (
				en,
				Base,
			);
			mainGroup = 774EE77F21B839160047B28F;
			productRefGroup = 774EE78921B839160047B28F /* Products */;
			projectDirPath = "";
			projectRoot = "";
			targets = (
				774EE78721B839160047B28F /* MovieApp */,
			);
		};
/* End PBXProject section */

/* Begin PBXResourcesBuildPhase section */
		774EE78621B839160047B28F /* Resources */ = {
			isa = PBXResourcesBuildPhase;
			buildActionMask = 2147483647;
			files = (
				774EE79621B839180047B28F /* LaunchScreen.storyboard in Resources */,
				774EE79321B839180047B28F /* Assets.xcassets in Resources */,
				774EE79121B839160047B28F /* Main.storyboard in Resources */,
			);
			runOnlyForDeploymentPostprocessing = 0;
		};
/* End PBXResourcesBuildPhase section */

/* Begin PBXSourcesBuildPhase section */
		774EE78421B839160047B28F /* Sources */ = {
			isa = PBXSourcesBuildPhase;
			buildActionMask = 2147483647;
			files = (
				7772CD1F21B882F200B4A1D4 /* ProfileViewController.swift in Sources */,
				77D66AD321B9B5CC00B0F3FD /* MoviesViewController.swift in Sources */,
				77D66AD921B9C89500B0F3FD /* CollectionViewNowCell.swift in Sources */,
				77D66AD121B9B57500B0F3FD /* CollectionViewPlaylistCell.swift in Sources */,
				7721C8F121B84013006EA987 /* NextButton.swift in Sources */,
				774EE78E21B839160047B28F /* ViewController.swift in Sources */,
				77D66AD521B9B67E00B0F3FD /* MovieImageView.swift in Sources */,
				7772CD2121B883BF00B4A1D4 /* ProfileButton.swift in Sources */,
				7772CD1921B85B9900B4A1D4 /* ProfilePicture.swift in Sources */,
				773D9B6E21BEAFD50056C423 /* GradientImage.swift in Sources */,
				77D66ADB21B9D7F600B0F3FD /* CollectionViewPopularCell.swift in Sources */,
				774EE78C21B839160047B28F /* AppDelegate.swift in Sources */,
				7772CD1721B852B000B4A1D4 /* GradientButton.swift in Sources */,
				77C3E79721B939C500DB1CB5 /* CollectionViewMovieCell.swift in Sources */,
			);
			runOnlyForDeploymentPostprocessing = 0;
		};
/* End PBXSourcesBuildPhase section */

/* Begin PBXVariantGroup section */
		774EE78F21B839160047B28F /* Main.storyboard */ = {
			isa = PBXVariantGroup;
			children = (
				774EE79021B839160047B28F /* Base */,
			);
			name = Main.storyboard;
			sourceTree = "<group>";
		};
		774EE79421B839180047B28F /* LaunchScreen.storyboard */ = {
			isa = PBXVariantGroup;
			children = (
				774EE79521B839180047B28F /* Base */,
			);
			name = LaunchScreen.storyboard;
			sourceTree = "<group>";
		};
/* End PBXVariantGroup section */

/* Begin XCBuildConfiguration section */
		774EE79821B839180047B28F /* Debug */ = {
			isa = XCBuildConfiguration;
			buildSettings = {
				ALWAYS_SEARCH_USER_PATHS = NO;
				CLANG_ANALYZER_NONNULL = YES;
				CLANG_ANALYZER_NUMBER_OBJECT_CONVERSION = YES_AGGRESSIVE;
				CLANG_CXX_LANGUAGE_STANDARD = "gnu++14";
				CLANG_CXX_LIBRARY = "libc++";
				CLANG_ENABLE_MODULES = YES;
				CLANG_ENABLE_OBJC_ARC = YES;
				CLANG_ENABLE_OBJC_WEAK = YES;
				CLANG_WARN_BLOCK_CAPTURE_AUTORELEASING = YES;
				CLANG_WARN_BOOL_CONVERSION = YES;
				CLANG_WARN_COMMA = YES;
				CLANG_WARN_CONSTANT_CONVERSION = YES;
				CLANG_WARN_DEPRECATED_OBJC_IMPLEMENTATIONS = YES;
				CLANG_WARN_DIRECT_OBJC_ISA_USAGE = YES_ERROR;
				CLANG_WARN_DOCUMENTATION_COMMENTS = YES;
				CLANG_WARN_EMPTY_BODY = YES;
				CLANG_WARN_ENUM_CONVERSION = YES;
				CLANG_WARN_INFINITE_RECURSION = YES;
				CLANG_WARN_INT_CONVERSION = YES;
				CLANG_WARN_NON_LITERAL_NULL_CONVERSION = YES;
				CLANG_WARN_OBJC_IMPLICIT_RETAIN_SELF = YES;
				CLANG_WARN_OBJC_LITERAL_CONVERSION = YES;
				CLANG_WARN_OBJC_ROOT_CLASS = YES_ERROR;
				CLANG_WARN_RANGE_LOOP_ANALYSIS = YES;
				CLANG_WARN_STRICT_PROTOTYPES = YES;
				CLANG_WARN_SUSPICIOUS_MOVE = YES;
				CLANG_WARN_UNGUARDED_AVAILABILITY = YES_AGGRESSIVE;
				CLANG_WARN_UNREACHABLE_CODE = YES;
				CLANG_WARN__DUPLICATE_METHOD_MATCH = YES;
				CODE_SIGN_IDENTITY = "iPhone Developer";
				COPY_PHASE_STRIP = NO;
				DEBUG_INFORMATION_FORMAT = dwarf;
				ENABLE_STRICT_OBJC_MSGSEND = YES;
				ENABLE_TESTABILITY = YES;
				GCC_C_LANGUAGE_STANDARD = gnu11;
				GCC_DYNAMIC_NO_PIC = NO;
				GCC_NO_COMMON_BLOCKS = YES;
				GCC_OPTIMIZATION_LEVEL = 0;
				GCC_PREPROCESSOR_DEFINITIONS = (
					"DEBUG=1",
					"$(inherited)",
				);
				GCC_WARN_64_TO_32_BIT_CONVERSION = YES;
				GCC_WARN_ABOUT_RETURN_TYPE = YES_ERROR;
				GCC_WARN_UNDECLARED_SELECTOR = YES;
				GCC_WARN_UNINITIALIZED_AUTOS = YES_AGGRESSIVE;
				GCC_WARN_UNUSED_FUNCTION = YES;
				GCC_WARN_UNUSED_VARIABLE = YES;
				IPHONEOS_DEPLOYMENT_TARGET = 12.1;
				MTL_ENABLE_DEBUG_INFO = INCLUDE_SOURCE;
				MTL_FAST_MATH = YES;
				ONLY_ACTIVE_ARCH = YES;
				SDKROOT = iphoneos;
				SWIFT_ACTIVE_COMPILATION_CONDITIONS = DEBUG;
				SWIFT_OPTIMIZATION_LEVEL = "-Onone";
			};
			name = Debug;
		};
		774EE79921B839180047B28F /* Release */ = {
			isa = XCBuildConfiguration;
			buildSettings = {
				ALWAYS_SEARCH_USER_PATHS = NO;
				CLANG_ANALYZER_NONNULL = YES;
				CLANG_ANALYZER_NUMBER_OBJECT_CONVERSION = YES_AGGRESSIVE;
				CLANG_CXX_LANGUAGE_STANDARD = "gnu++14";
				CLANG_CXX_LIBRARY = "libc++";
				CLANG_ENABLE_MODULES = YES;
				CLANG_ENABLE_OBJC_ARC = YES;
				CLANG_ENABLE_OBJC_WEAK = YES;
				CLANG_WARN_BLOCK_CAPTURE_AUTORELEASING = YES;
				CLANG_WARN_BOOL_CONVERSION = YES;
				CLANG_WARN_COMMA = YES;
				CLANG_WARN_CONSTANT_CONVERSION = YES;
				CLANG_WARN_DEPRECATED_OBJC_IMPLEMENTATIONS = YES;
				CLANG_WARN_DIRECT_OBJC_ISA_USAGE = YES_ERROR;
				CLANG_WARN_DOCUMENTATION_COMMENTS = YES;
				CLANG_WARN_EMPTY_BODY = YES;
				CLANG_WARN_ENUM_CONVERSION = YES;
				CLANG_WARN_INFINITE_RECURSION = YES;
				CLANG_WARN_INT_CONVERSION = YES;
				CLANG_WARN_NON_LITERAL_NULL_CONVERSION = YES;
				CLANG_WARN_OBJC_IMPLICIT_RETAIN_SELF = YES;
				CLANG_WARN_OBJC_LITERAL_CONVERSION = YES;
				CLANG_WARN_OBJC_ROOT_CLASS = YES_ERROR;
				CLANG_WARN_RANGE_LOOP_ANALYSIS = YES;
				CLANG_WARN_STRICT_PROTOTYPES = YES;
				CLANG_WARN_SUSPICIOUS_MOVE = YES;
				CLANG_WARN_UNGUARDED_AVAILABILITY = YES_AGGRESSIVE;
				CLANG_WARN_UNREACHABLE_CODE = YES;
				CLANG_WARN__DUPLICATE_METHOD_MATCH = YES;
				CODE_SIGN_IDENTITY = "iPhone Developer";
				COPY_PHASE_STRIP = NO;
				DEBUG_INFORMATION_FORMAT = "dwarf-with-dsym";
				ENABLE_NS_ASSERTIONS = NO;
				ENABLE_STRICT_OBJC_MSGSEND = YES;
				GCC_C_LANGUAGE_STANDARD = gnu11;
				GCC_NO_COMMON_BLOCKS = YES;
				GCC_WARN_64_TO_32_BIT_CONVERSION = YES;
				GCC_WARN_ABOUT_RETURN_TYPE = YES_ERROR;
				GCC_WARN_UNDECLARED_SELECTOR = YES;
				GCC_WARN_UNINITIALIZED_AUTOS = YES_AGGRESSIVE;
				GCC_WARN_UNUSED_FUNCTION = YES;
				GCC_WARN_UNUSED_VARIABLE = YES;
				IPHONEOS_DEPLOYMENT_TARGET = 12.1;
				MTL_ENABLE_DEBUG_INFO = NO;
				MTL_FAST_MATH = YES;
				SDKROOT = iphoneos;
				SWIFT_COMPILATION_MODE = wholemodule;
				SWIFT_OPTIMIZATION_LEVEL = "-O";
				VALIDATE_PRODUCT = YES;
			};
			name = Release;
		};
		774EE79B21B839180047B28F /* Debug */ = {
			isa = XCBuildConfiguration;
			buildSettings = {
				ASSETCATALOG_COMPILER_APPICON_NAME = AppIcon;
				CODE_SIGN_STYLE = Automatic;
				DEVELOPMENT_TEAM = GZ5YW8HSFH;
				INFOPLIST_FILE = MovieApp/Info.plist;
				LD_RUNPATH_SEARCH_PATHS = (
					"$(inherited)",
					"@executable_path/Frameworks",
				);
				PRODUCT_BUNDLE_IDENTIFIER = axel.MovieApp;
				PRODUCT_NAME = "$(TARGET_NAME)";
				SWIFT_VERSION = 4.2;
				TARGETED_DEVICE_FAMILY = "1,2";
			};
			name = Debug;
		};
		774EE79C21B839180047B28F /* Release */ = {
			isa = XCBuildConfiguration;
			buildSettings = {
				ASSETCATALOG_COMPILER_APPICON_NAME = AppIcon;
				CODE_SIGN_STYLE = Automatic;
				DEVELOPMENT_TEAM = GZ5YW8HSFH;
				INFOPLIST_FILE = MovieApp/Info.plist;
				LD_RUNPATH_SEARCH_PATHS = (
					"$(inherited)",
					"@executable_path/Frameworks",
				);
				PRODUCT_BUNDLE_IDENTIFIER = axel.MovieApp;
				PRODUCT_NAME = "$(TARGET_NAME)";
				SWIFT_VERSION = 4.2;
				TARGETED_DEVICE_FAMILY = "1,2";
			};
			name = Release;
		};
/* End XCBuildConfiguration section */

/* Begin XCConfigurationList section */
		774EE78321B839160047B28F /* Build configuration list for PBXProject "MovieApp" */ = {
			isa = XCConfigurationList;
			buildConfigurations = (
				774EE79821B839180047B28F /* Debug */,
				774EE79921B839180047B28F /* Release */,
			);
			defaultConfigurationIsVisible = 0;
			defaultConfigurationName = Release;
		};
		774EE79A21B839180047B28F /* Build configuration list for PBXNativeTarget "MovieApp" */ = {
			isa = XCConfigurationList;
			buildConfigurations = (
				774EE79B21B839180047B28F /* Debug */,
				774EE79C21B839180047B28F /* Release */,
			);
			defaultConfigurationIsVisible = 0;
			defaultConfigurationName = Release;
		};
/* End XCConfigurationList section */
	};
	rootObject = 774EE78021B839160047B28F /* Project object */;
}
